
Microsoft Visual Studio Solution File, Format Version 12.00
# Visual Studio Version 17
VisualStudioVersion = 17.4.33103.184
MinimumVisualStudioVersion = 10.0.40219.1
Project("{FAE04EC0-301F-11D3-BF4B-00C04F79EFBC}") = "AppointmentScheduler", "AppointmentScheduler\AppointmentScheduler.csproj", "{AD51AF4F-379D-40B0-BC7F-CD495C33A462}"
EndProject
Global
	GlobalSection(SolutionConfigurationPlatforms) = preSolution
		Debug|Any CPU = Debug|Any CPU
		Release|Any CPU = Release|Any CPU
	EndGlobalSection
	GlobalSection(ProjectConfigurationPlatforms) = postSolution
		{AD51AF4F-379D-40B0-BC7F-CD495C33A462}.Debug|Any CPU.ActiveCfg = Debug|Any CPU
		{AD51AF4F-379D-40B0-BC7F-CD495C33A462}.Debug|Any CPU.Build.0 = Debug|Any CPU
		{AD51AF4F-379D-40B0-BC7F-CD495C33A462}.Release|Any CPU.ActiveCfg = Release|Any CPU
		{AD51AF4F-379D-40B0-BC7F-CD495C33A462}.Release|Any CPU.Build.0 = Release|Any CPU
	EndGlobalSection
	GlobalSection(SolutionProperties) = preSolution
		HideSolutionNode = FALSE
	EndGlobalSection
	GlobalSection(ExtensibilityGlobals) = postSolution
		SolutionGuid = {300AD1C5-E062-4EF2-BFAE-F6A80E815B5C}
	EndGlobalSection
EndGlobal
